
Microsoft Visual Studio Solution File, Format Version 12.00
# Visual Studio Version 16
VisualStudioVersion = 16.0.30621.155
MinimumVisualStudioVersion = 10.0.40219.1
Project("{9A19103F-16F7-4668-BE54-9A1E7A4F7556}") = "Test passing app", "Test passing app\Test passing app.csproj", "{B77A38D7-B7DD-4736-BAED-D9CDA4E9C13E}"
EndProject
Project("{FAE04EC0-301F-11D3-BF4B-00C04F79EFBC}") = "Test creating app", "Test creating app\Test creating app.csproj", "{0801B8BC-FB2B-4CED-B415-83DA67A469C3}"
EndProject
Global
	GlobalSection(SolutionConfigurationPlatforms) = preSolution
		Debug|Any CPU = Debug|Any CPU
		Release|Any CPU = Release|Any CPU
	EndGlobalSection
	GlobalSection(ProjectConfigurationPlatforms) = postSolution
		{B77A38D7-B7DD-4736-BAED-D9CDA4E9C13E}.Debug|Any CPU.ActiveCfg = Debug|Any CPU
		{B77A38D7-B7DD-4736-BAED-D9CDA4E9C13E}.Debug|Any CPU.Build.0 = Debug|Any CPU
		{B77A38D7-B7DD-4736-BAED-D9CDA4E9C13E}.Release|Any CPU.ActiveCfg = Release|Any CPU
		{B77A38D7-B7DD-4736-BAED-D9CDA4E9C13E}.Release|Any CPU.Build.0 = Release|Any CPU
		{0801B8BC-FB2B-4CED-B415-83DA67A469C3}.Debug|Any CPU.ActiveCfg = Debug|Any CPU
		{0801B8BC-FB2B-4CED-B415-83DA67A469C3}.Debug|Any CPU.Build.0 = Debug|Any CPU
		{0801B8BC-FB2B-4CED-B415-83DA67A469C3}.Release|Any CPU.ActiveCfg = Release|Any CPU
		{0801B8BC-FB2B-4CED-B415-83DA67A469C3}.Release|Any CPU.Build.0 = Release|Any CPU
	EndGlobalSection
	GlobalSection(SolutionProperties) = preSolution
		HideSolutionNode = FALSE
	EndGlobalSection
	GlobalSection(ExtensibilityGlobals) = postSolution
		SolutionGuid = {3E7735C5-7DC5-4C59-988B-872490BD40EA}
	EndGlobalSection
EndGlobal
